
Microsoft Visual Studio Solution File, Format Version 12.00
# Visual Studio Version 16
VisualStudioVersion = 16.0.29424.173
MinimumVisualStudioVersion = 10.0.40219.1
Project("{FAE04EC0-301F-11D3-BF4B-00C04F79EFBC}") = "YoutubeDownloader", "YoutubeDownloader\YoutubeDownloader.csproj", "{492658E9-F5CE-443B-ADAF-5645E64E4EF9}"
EndProject
Global
	GlobalSection(SolutionConfigurationPlatforms) = preSolution
		Debug|Any CPU = Debug|Any CPU
		Release|Any CPU = Release|Any CPU
	EndGlobalSection
	GlobalSection(ProjectConfigurationPlatforms) = postSolution
		{492658E9-F5CE-443B-ADAF-5645E64E4EF9}.Debug|Any CPU.ActiveCfg = Debug|Any CPU
		{492658E9-F5CE-443B-ADAF-5645E64E4EF9}.Debug|Any CPU.Build.0 = Debug|Any CPU
		{492658E9-F5CE-443B-ADAF-5645E64E4EF9}.Release|Any CPU.ActiveCfg = Release|Any CPU
		{492658E9-F5CE-443B-ADAF-5645E64E4EF9}.Release|Any CPU.Build.0 = Release|Any CPU
	EndGlobalSection
	GlobalSection(SolutionProperties) = preSolution
		HideSolutionNode = FALSE
	EndGlobalSection
	GlobalSection(ExtensibilityGlobals) = postSolution
		SolutionGuid = {14C52961-607A-425A-88E8-565915E34FF0}
	EndGlobalSection
EndGlobal
